
Microsoft Visual Studio Solution File, Format Version 12.00
# Visual Studio 2012
Project("{FAE04EC0-301F-11D3-BF4B-00C04F79EFBC}") = "SAPRFCHelper", "SAPRFCBLL\SAPRFCHelper.csproj", "{E7391A57-DBB6-4B09-9BB8-79B984F91CCB}"
EndProject
Project("{FAE04EC0-301F-11D3-BF4B-00C04F79EFBC}") = "sConsole", "sConsole\sConsole.csproj", "{DD046D63-26EB-4B2B-B7DC-02630630022D}"
EndProject
Project("{FAE04EC0-301F-11D3-BF4B-00C04F79EFBC}") = "ConsoleApp", "ConsoleApp\ConsoleApp.csproj", "{8FD8203D-0F5B-48F1-8A52-7BA0587E3902}"
EndProject
Global
	GlobalSection(SolutionConfigurationPlatforms) = preSolution
		Debug|Any CPU = Debug|Any CPU
		Release|Any CPU = Release|Any CPU
	EndGlobalSection
	GlobalSection(ProjectConfigurationPlatforms) = postSolution
		{E7391A57-DBB6-4B09-9BB8-79B984F91CCB}.Debug|Any CPU.ActiveCfg = Debug|Any CPU
		{E7391A57-DBB6-4B09-9BB8-79B984F91CCB}.Debug|Any CPU.Build.0 = Debug|Any CPU
		{E7391A57-DBB6-4B09-9BB8-79B984F91CCB}.Release|Any CPU.ActiveCfg = Release|Any CPU
		{E7391A57-DBB6-4B09-9BB8-79B984F91CCB}.Release|Any CPU.Build.0 = Release|Any CPU
		{DD046D63-26EB-4B2B-B7DC-02630630022D}.Debug|Any CPU.ActiveCfg = Debug|Any CPU
		{DD046D63-26EB-4B2B-B7DC-02630630022D}.Debug|Any CPU.Build.0 = Debug|Any CPU
		{DD046D63-26EB-4B2B-B7DC-02630630022D}.Release|Any CPU.ActiveCfg = Release|Any CPU
		{DD046D63-26EB-4B2B-B7DC-02630630022D}.Release|Any CPU.Build.0 = Release|Any CPU
		{8FD8203D-0F5B-48F1-8A52-7BA0587E3902}.Debug|Any CPU.ActiveCfg = Debug|Any CPU
		{8FD8203D-0F5B-48F1-8A52-7BA0587E3902}.Debug|Any CPU.Build.0 = Debug|Any CPU
		{8FD8203D-0F5B-48F1-8A52-7BA0587E3902}.Release|Any CPU.ActiveCfg = Release|Any CPU
		{8FD8203D-0F5B-48F1-8A52-7BA0587E3902}.Release|Any CPU.Build.0 = Release|Any CPU
	EndGlobalSection
	GlobalSection(SolutionProperties) = preSolution
		HideSolutionNode = FALSE
	EndGlobalSection
EndGlobal
